{
  "requires": true,
  "lockfileVersion": 1,
  "dependencies": {
    "vue": {
      "version": "2.6.12",
      "resolved": "https://registry.npmjs.org/vue/-/vue-2.6.12.tgz",
      "integrity": "sha512-uhmLFETqPPNyuLLbsKz6ioJ4q7AZHzD8ZVFNATNyICSZouqP2Sz0rotWQC8UNBF6VGSCs5abnKJoStA6JbCbfg=="
    },
    "vue-jquery": {
      "version": "1.0.6",
      "resolved": "https://registry.npmjs.org/vue-jquery/-/vue-jquery-1.0.6.tgz",
      "integrity": "sha512-me0x3YP8jitpd8a/WS+hC0UdsFhEIlx85jKVkwJkzaajs8SOjGLrnyZ/n0Ns2tX4zpLjg1xqkuGBeUmFKVvKVQ==",
      "requires": {
        "vue": "^2.5.11"
      }
    }
  }
}
